
Microsoft Visual Studio Solution File, Format Version 12.00
# Visual Studio Version 17
VisualStudioVersion = 17.0.32112.339
MinimumVisualStudioVersion = 10.0.40219.1
Project("{8BC9CEB8-8B4A-11D0-8D11-00A0C91BC942}") = "Live Interpreter", "Live Interpreter\Live Interpreter.vcxproj", "{BCBB5C79-3394-4942-B250-DBB3DF9C28D8}"
EndProject
Global
	GlobalSection(SolutionConfigurationPlatforms) = preSolution
		Debug|x64 = Debug|x64
		Release|x64 = Release|x64
	EndGlobalSection
	GlobalSection(ProjectConfigurationPlatforms) = postSolution
		{BCBB5C79-3394-4942-B250-DBB3DF9C28D8}.Debug|x64.ActiveCfg = Debug|x64
		{BCBB5C79-3394-4942-B250-DBB3DF9C28D8}.Debug|x64.Build.0 = Debug|x64
		{BCBB5C79-3394-4942-B250-DBB3DF9C28D8}.Release|x64.ActiveCfg = Release|x64
		{BCBB5C79-3394-4942-B250-DBB3DF9C28D8}.Release|x64.Build.0 = Release|x64
	EndGlobalSection
	GlobalSection(SolutionProperties) = preSolution
		HideSolutionNode = FALSE
	EndGlobalSection
	GlobalSection(ExtensibilityGlobals) = postSolution
		SolutionGuid = {525D8A05-F68B-4AFF-94AC-C8BBBDCB3356}
	EndGlobalSection
EndGlobal
